
Microsoft Visual Studio Solution File, Format Version 12.00
# Visual Studio Version 17
VisualStudioVersion = 17.9.34701.34
MinimumVisualStudioVersion = 10.0.40219.1
Project("{9A19103F-16F7-4668-BE54-9A1E7A4F7556}") = "AuthSystem.Domain", "AuthSystem.Domain\AuthSystem.Domain.csproj", "{13C66388-2622-44AE-ADC9-D019FBAF1ECD}"
EndProject
Project("{9A19103F-16F7-4668-BE54-9A1E7A4F7556}") = "AuthSystem.Infrastructure", "AuthSystem.Infrastructure\AuthSystem.Infrastructure.csproj", "{FE418FB7-7706-49AC-80E9-93D6F6AD8719}"
EndProject
Project("{9A19103F-16F7-4668-BE54-9A1E7A4F7556}") = "AuthSystem.WebApp", "AuthSystem.WebApp\AuthSystem.WebApp.csproj", "{7CE5785B-C782-4C20-AEC1-860C34B4C83B}"
EndProject
Global
	GlobalSection(SolutionConfigurationPlatforms) = preSolution
		Debug|Any CPU = Debug|Any CPU
		Release|Any CPU = Release|Any CPU
	EndGlobalSection
	GlobalSection(ProjectConfigurationPlatforms) = postSolution
		{13C66388-2622-44AE-ADC9-D019FBAF1ECD}.Debug|Any CPU.ActiveCfg = Debug|Any CPU
		{13C66388-2622-44AE-ADC9-D019FBAF1ECD}.Debug|Any CPU.Build.0 = Debug|Any CPU
		{13C66388-2622-44AE-ADC9-D019FBAF1ECD}.Release|Any CPU.ActiveCfg = Release|Any CPU
		{13C66388-2622-44AE-ADC9-D019FBAF1ECD}.Release|Any CPU.Build.0 = Release|Any CPU
		{FE418FB7-7706-49AC-80E9-93D6F6AD8719}.Debug|Any CPU.ActiveCfg = Debug|Any CPU
		{FE418FB7-7706-49AC-80E9-93D6F6AD8719}.Debug|Any CPU.Build.0 = Debug|Any CPU
		{FE418FB7-7706-49AC-80E9-93D6F6AD8719}.Release|Any CPU.ActiveCfg = Release|Any CPU
		{FE418FB7-7706-49AC-80E9-93D6F6AD8719}.Release|Any CPU.Build.0 = Release|Any CPU
		{7CE5785B-C782-4C20-AEC1-860C34B4C83B}.Debug|Any CPU.ActiveCfg = Debug|Any CPU
		{7CE5785B-C782-4C20-AEC1-860C34B4C83B}.Debug|Any CPU.Build.0 = Debug|Any CPU
		{7CE5785B-C782-4C20-AEC1-860C34B4C83B}.Release|Any CPU.ActiveCfg = Release|Any CPU
		{7CE5785B-C782-4C20-AEC1-860C34B4C83B}.Release|Any CPU.Build.0 = Release|Any CPU
	EndGlobalSection
	GlobalSection(SolutionProperties) = preSolution
		HideSolutionNode = FALSE
	EndGlobalSection
	GlobalSection(ExtensibilityGlobals) = postSolution
		SolutionGuid = {BE4124AD-2998-405B-AE7E-144C426C299D}
	EndGlobalSection
EndGlobal
